
Microsoft Visual Studio Solution File, Format Version 12.00
# Visual Studio Express 2012 for Windows Desktop
Project("{FAE04EC0-301F-11D3-BF4B-00C04F79EFBC}") = "MDL GUI", "MDL GUI\MDL GUI.csproj", "{6FD4C460-16DA-4514-9750-E9A731D58782}"
EndProject
Global
	GlobalSection(SolutionConfigurationPlatforms) = preSolution
		Debug|Any CPU = Debug|Any CPU
		Release|Any CPU = Release|Any CPU
	EndGlobalSection
	GlobalSection(ProjectConfigurationPlatforms) = postSolution
		{6FD4C460-16DA-4514-9750-E9A731D58782}.Debug|Any CPU.ActiveCfg = Debug|Any CPU
		{6FD4C460-16DA-4514-9750-E9A731D58782}.Debug|Any CPU.Build.0 = Debug|Any CPU
		{6FD4C460-16DA-4514-9750-E9A731D58782}.Release|Any CPU.ActiveCfg = Release|Any CPU
		{6FD4C460-16DA-4514-9750-E9A731D58782}.Release|Any CPU.Build.0 = Release|Any CPU
	EndGlobalSection
	GlobalSection(SolutionProperties) = preSolution
		HideSolutionNode = FALSE
	EndGlobalSection
EndGlobal
